
Microsoft Visual Studio Solution File, Format Version 12.00
# Visual Studio Version 17
VisualStudioVersion = 17.5.33502.453
MinimumVisualStudioVersion = 10.0.40219.1
Project("{FAE04EC0-301F-11D3-BF4B-00C04F79EFBC}") = "DataStructureProblem", "DataStructureProblem.csproj", "{7D2F458C-631D-421A-9BCC-140C5560D9AB}"
EndProject
Global
	GlobalSection(SolutionConfigurationPlatforms) = preSolution
		Debug|Any CPU = Debug|Any CPU
		Release|Any CPU = Release|Any CPU
	EndGlobalSection
	GlobalSection(ProjectConfigurationPlatforms) = postSolution
		{7D2F458C-631D-421A-9BCC-140C5560D9AB}.Debug|Any CPU.ActiveCfg = Debug|Any CPU
		{7D2F458C-631D-421A-9BCC-140C5560D9AB}.Debug|Any CPU.Build.0 = Debug|Any CPU
		{7D2F458C-631D-421A-9BCC-140C5560D9AB}.Release|Any CPU.ActiveCfg = Release|Any CPU
		{7D2F458C-631D-421A-9BCC-140C5560D9AB}.Release|Any CPU.Build.0 = Release|Any CPU
	EndGlobalSection
	GlobalSection(SolutionProperties) = preSolution
		HideSolutionNode = FALSE
	EndGlobalSection
	GlobalSection(ExtensibilityGlobals) = postSolution
		SolutionGuid = {CB874870-72BB-4DA5-ADB4-0E5383F98C32}
	EndGlobalSection
EndGlobal
